{
  "name": "promandsl-ohm",
  "version": "1.0.0",
  "lockfileVersion": 3,
  "requires": true,
  "packages": {
    "": {
      "name": "promandsl-ohm",
      "version": "1.0.0",
      "dependencies": {
        "ohm-js": "^17.0.0"
      }
    },
    "node_modules/ohm-js": {
      "version": "17.2.1",
      "resolved": "https://registry.npmjs.org/ohm-js/-/ohm-js-17.2.1.tgz",
      "integrity": "sha512-4cXF0G09fAYU9z61kTfkNbKK1Kz/sGEZ5NbVWHoe9Qi7VB7y+Spwk051CpUTfUENdlIr+vt8tMV4/LosTE2cDQ==",
      "license": "MIT",
      "engines": {
        "node": ">=0.12.1"
      }
    }
  }
}
